// !$*UTF8*$!
{
	archiveVersion = 1;
	classes = {
	};
	objectVersion = 77;
	objects = {

/* Begin PBXBuildFile section */
		045F0C59499B05440F6BC3C7 /* SidebaneView.swift in Sources */ = {isa = PBXBuildFile; fileRef = DB89A61F5402F0154D149D7B /* SidebaneView.swift */; };
		A1C8E4F92B3D5E7A90123456 /* CalendarEvent.swift in Sources */ = {isa = PBXBuildFile; fileRef = B2D9F5A03C4E6F8B01234567 /* CalendarEvent.swift */; };
		C3E0A6B14D5F7A9C12345678 /* CalendarScheduleProvider.swift in Sources */ = {isa = PBXBuildFile; fileRef = D4F1B7C25E6A8B0D23456789 /* CalendarScheduleProvider.swift */; };
		0A99DA81141740971E627C55 /* ChatInputBar.swift in Sources */ = {isa = PBXBuildFile; fileRef = 49FF6FDA9DF742429C1BD00A /* ChatInputBar.swift */; };
		A3B7C9E1F20486182A4B6C8D /* ChatHeroView.swift in Sources */ = {isa = PBXBuildFile; fileRef = B4C8D0E2F30517293B5C7D9E /* ChatHeroView.swift */; };
		C5D9E1F3041527364A8B0C2E /* ChatIntegrationsStrip.swift in Sources */ = {isa = PBXBuildFile; fileRef = D6E0F214152637485B9C1D3F /* ChatIntegrationsStrip.swift */; };
		E7F1A325263748596A0D2E4B /* ChatSuggestionChips.swift in Sources */ = {isa = PBXBuildFile; fileRef = F8A2B4363748596A7B1E3F5C /* ChatSuggestionChips.swift */; };
		09B3C54748596A7B8C2D4E6F /* FlowLayout.swift in Sources */ = {isa = PBXBuildFile; fileRef = 1AC4D658596A7B8C9D3E5F70 /* FlowLayout.swift */; };
		10EC5A23D61FF205F024F4E5 /* CalendarScheduleView.swift in Sources */ = {isa = PBXBuildFile; fileRef = 75532D1DCAEEF6B15E06A796 /* CalendarScheduleView.swift */; };
		116E9807DE921341DE29CF9E /* CaptureStatsView.swift in Sources */ = {isa = PBXBuildFile; fileRef = 0CB582D088D1623D23823135 /* CaptureStatsView.swift */; };
		194A913E0F2C74C3608AEF43 /* OrbitAccessApp.swift in Sources */ = {isa = PBXBuildFile; fileRef = F9241AF02259F0FCF7D6FFF8 /* OrbitAccessApp.swift */; };
		285E732B51257BF979E64EB0 /* InsightStore.swift in Sources */ = {isa = PBXBuildFile; fileRef = 72CF10D68B910A54197FB92C /* InsightStore.swift */; };
		2E2CF0250B39B2D8D17CB010 /* Assets.xcassets in Resources */ = {isa = PBXBuildFile; fileRef = DC29DE57B3F129F8A1A00197 /* Assets.xcassets */; };
		31E17588732283DD9D13A1B4 /* AIFunctionProtocol.swift in Sources */ = {isa = PBXBuildFile; fileRef = CC9666AD424EA33A0FBEC31E /* AIFunctionProtocol.swift */; };
		327C7A20EECCD098097BC604 /* SectionHeader.swift in Sources */ = {isa = PBXBuildFile; fileRef = DC88DFFD58EC639E25DD4A4D /* SectionHeader.swift */; };
		32B1CAA1AFB065ED53A10F7A /* TaskLogEntry.swift in Sources */ = {isa = PBXBuildFile; fileRef = 8354BD0C7FB5924891BB5FC8 /* TaskLogEntry.swift */; };
		3E1125E88AB837160A092713 /* RecentCaptureList.swift in Sources */ = {isa = PBXBuildFile; fileRef = B7C26D4BEDAEC625174D12AA /* RecentCaptureList.swift */; };
		43D19435B96849EC39265BC8 /* OrbitBridgeClient.swift in Sources */ = {isa = PBXBuildFile; fileRef = C6FF3B246A8AC2EB41EAEF84 /* OrbitBridgeClient.swift */; };
		449CBDDF234DA76BA70E05E0 /* StatusBarController.swift in Sources */ = {isa = PBXBuildFile; fileRef = E3E44C7AC6A83F9C5AA1E2C1 /* StatusBarController.swift */; };
		47548C287792F5B37B3AC576 /* AIFunctionRegistry.swift in Sources */ = {isa = PBXBuildFile; fileRef = A7AC1B072E6201269640D08D /* AIFunctionRegistry.swift */; };
		4A8D9955606A8A718FFDDF37 /* SearchStore.swift in Sources */ = {isa = PBXBuildFile; fileRef = CFA44E7200DD3A74F9053B81 /* SearchStore.swift */; };
		4B581F7CC71A44F9F38D1C07 /* TaskStore.swift in Sources */ = {isa = PBXBuildFile; fileRef = 9C8A67BC13F2BDAE382F14E4 /* TaskStore.swift */; };
		4C446BDF5331FA91DBEF25A8 /* OrbitDBReader.swift in Sources */ = {isa = PBXBuildFile; fileRef = 08B91B53D6299F5BAEC77042 /* OrbitDBReader.swift */; };
		4D848FF1005A1C87A9CAF7B3 /* TaskCard.swift in Sources */ = {isa = PBXBuildFile; fileRef = 6AF4267DCC4DB50AC3BEEC76 /* TaskCard.swift */; };
		58A0FBDF10D7B40A1988DB30 /* ContextSourceChip.swift in Sources */ = {isa = PBXBuildFile; fileRef = E2D2E9BE4D4C533924288E25 /* ContextSourceChip.swift */; };
		58A23696B533F7AA0E29B24C /* WALWatcher.swift in Sources */ = {isa = PBXBuildFile; fileRef = 1E2399BC9CFEEC1E011907E6 /* WALWatcher.swift */; };
		5A6F642FE03FB40506066F45 /* OrbitBridgeProtocol.swift in Sources */ = {isa = PBXBuildFile; fileRef = 145850CB63386EAFE0541391 /* OrbitBridgeProtocol.swift */; };
		5CC26487D6784CB4EF9EE554 /* OrbitCard.swift in Sources */ = {isa = PBXBuildFile; fileRef = 19BD24DFCCBE7621D9ACD39E /* OrbitCard.swift */; };
		5D97AF3258DD1796257232E1 /* MainWindowView.swift in Sources */ = {isa = PBXBuildFile; fileRef = 6EEC986ECA2C96BAA44EB4FA /* MainWindowView.swift */; };
		607B689219A17D9AAD4469D5 /* FindByAppFunction.swift in Sources */ = {isa = PBXBuildFile; fileRef = 79CDC571226E7FF34600B9D8 /* FindByAppFunction.swift */; };
		6AFB0C2541A25762D0B007E3 /* ThreePaneLayout.swift in Sources */ = {isa = PBXBuildFile; fileRef = E159D244CB053332993DCF12 /* ThreePaneLayout.swift */; };
		6DC189501FC8C13D71F766BF /* ChatMessage.swift in Sources */ = {isa = PBXBuildFile; fileRef = 032AE3797CC1BDAD3FFA744A /* ChatMessage.swift */; };
		72267634EE2CEEF5A8F158D8 /* ContextEvent.swift in Sources */ = {isa = PBXBuildFile; fileRef = 2886227839EFDC104E8B0A13 /* ContextEvent.swift */; };
		72E12224B5C858FF8B12BA7B /* ChatBubbleView.swift in Sources */ = {isa = PBXBuildFile; fileRef = 30D314ACEDACD16153B0B67B /* ChatBubbleView.swift */; };
		74647582B0F989BB5D365685 /* AgentType+UI.swift in Sources */ = {isa = PBXBuildFile; fileRef = 795D208823295FF5D6C450C5 /* AgentType+UI.swift */; };
		7BEF582CB165D8D1AF340054 /* ContextAtomDetailSheet.swift in Sources */ = {isa = PBXBuildFile; fileRef = D553FAF0228982500D63FA15 /* ContextAtomDetailSheet.swift */; };
		7E76B0531299C47A4FF8489E /* ProductivityScore.swift in Sources */ = {isa = PBXBuildFile; fileRef = A96795CFAC996804AC2687A7 /* ProductivityScore.swift */; };
		7EF44440042488E18B78ED68 /* GRDB in Frameworks */ = {isa = PBXBuildFile; productRef = DF6A317E920E6520CABCC745 /* GRDB */; };
		8479559F5DC9962EFF7D5E3A /* TextAtom.swift in Sources */ = {isa = PBXBuildFile; fileRef = F816745D1FE5320434779773 /* TextAtom.swift */; };
		861DAAB01A94393126AC9C33 /* ChatStore.swift in Sources */ = {isa = PBXBuildFile; fileRef = 49FD9F568BD3403F7BB00624 /* ChatStore.swift */; };
		88CEF3A1FE23D286E270D586 /* ProductivityScoreGauge.swift in Sources */ = {isa = PBXBuildFile; fileRef = 613D4346B5CE07D6DFCEC324 /* ProductivityScoreGauge.swift */; };
		8CF6E35CA2025899BEC418AE /* ChatMessageList.swift in Sources */ = {isa = PBXBuildFile; fileRef = 401EA4D96285ECB2E8FCF4CF /* ChatMessageList.swift */; };
		94075AA845936239B7C1615E /* AppDelegate.swift in Sources */ = {isa = PBXBuildFile; fileRef = D94D8BAD67695DE1783F9602 /* AppDelegate.swift */; };
		A55728DB005FA5B69751892D /* SidePaneSectionHeader.swift in Sources */ = {isa = PBXBuildFile; fileRef = 4A7D867475FD1B0786535F22 /* SidePaneSectionHeader.swift */; };
		AE08728B4C6420D0361A2D7C /* AgentTypeBadge.swift in Sources */ = {isa = PBXBuildFile; fileRef = E701567EF8C745CF8E672FEA /* AgentTypeBadge.swift */; };
		B659662D7B345EEB41A50234 /* AgentType.swift in Sources */ = {isa = PBXBuildFile; fileRef = 402E47665200B0F791C13590 /* AgentType.swift */; };
		BA36D7085516808B1B33D08E /* SearchHit.swift in Sources */ = {isa = PBXBuildFile; fileRef = 5FB7DE98DEA61F90EE9B107D /* SearchHit.swift */; };
		C038811F8590AF86F466F280 /* Double+Rounding.swift in Sources */ = {isa = PBXBuildFile; fileRef = 13299A065F41CDA07DB28A2D /* Double+Rounding.swift */; };
		C24E69033BEB28172CFF5F60 /* StatusBarPopoverView.swift in Sources */ = {isa = PBXBuildFile; fileRef = EC0FDBE7156736393196635A /* StatusBarPopoverView.swift */; };
		C628FDA29B5B1E4FB7F81A88 /* AppViewModel.swift in Sources */ = {isa = PBXBuildFile; fileRef = ECB781D7F5211047FB2C631D /* AppViewModel.swift */; };
		C7E8F912A3B4567890D1E2F03 /* AgentsDropdownMenu.swift in Sources */ = {isa = PBXBuildFile; fileRef = D8F9A023B4C5678901E2F314 /* AgentsDropdownMenu.swift */; };
		CD5666CFC3371BFCFDA6E68B /* MainChatView.swift in Sources */ = {isa = PBXBuildFile; fileRef = 5DFB6A679AF6CD3F323A2061 /* MainChatView.swift */; };
		CEE53E4794AEA52F46439B4F /* Color+Orbit.swift in Sources */ = {isa = PBXBuildFile; fileRef = BF6F9EB75967C33AEA74527A /* Color+Orbit.swift */; };
		D019CEAE876D90FFB22AA76E /* FloatingChatView.swift in Sources */ = {isa = PBXBuildFile; fileRef = E013C7F1060B5A829DB76628 /* FloatingChatView.swift */; };
		D5666A22BB019A8CE0157B40 /* Date+Formatting.swift in Sources */ = {isa = PBXBuildFile; fileRef = 34C7D4A6DBDA6BB2810C8B0C /* Date+Formatting.swift */; };
		D6D292502F8BC0C36F903ED7 /* RoutineList.swift in Sources */ = {isa = PBXBuildFile; fileRef = B755775983DAE2555239D582 /* RoutineList.swift */; };
		D8B698B508241172EED234D9 /* FloatingChatPlaceholderView.swift in Sources */ = {isa = PBXBuildFile; fileRef = 3972F4BAF73A302762CD1C71 /* FloatingChatPlaceholderView.swift */; };
		DF8D61373795E3529BCCAA92 /* AgentShortcutRow.swift in Sources */ = {isa = PBXBuildFile; fileRef = 915A816B6EB0A7800D5CB3A1 /* AgentShortcutRow.swift */; };
		E06E1A765A699743FBDAD445 /* TaskCardList.swift in Sources */ = {isa = PBXBuildFile; fileRef = 5E2D7010E3CCA4DBF4BA7055 /* TaskCardList.swift */; };
		E1845A6DB40964354DF3343E /* InsightSidebarView.swift in Sources */ = {isa = PBXBuildFile; fileRef = 7E734B34E2F6CFEBA045A827 /* InsightSidebarView.swift */; };
		E5191190942366EFD6C3A191 /* LoadingIndicator.swift in Sources */ = {isa = PBXBuildFile; fileRef = 6A3F2ECB98A241AD4993AE71 /* LoadingIndicator.swift */; };
		EA56DAC273746FD314538681 /* SemanticSearchFunction.swift in Sources */ = {isa = PBXBuildFile; fileRef = 9520B9C3BE89DCA7DBB5499F /* SemanticSearchFunction.swift */; };
		EE26E4F6C7DB21DBCDE1661B /* SidePaneSearchTrigger.swift in Sources */ = {isa = PBXBuildFile; fileRef = 098A33C54672BC4FB781932A /* SidePaneSearchTrigger.swift */; };
		F4D22FF79B207F7A51166777 /* SidePaneDropdownTrigger.swift in Sources */ = {isa = PBXBuildFile; fileRef = 1EE0208CD9A5AEA1DE2203AE /* SidePaneDropdownTrigger.swift */; };
		A7B3C9D1E5F2048618A2B4C6 /* SearchDropdownMenu.swift in Sources */ = {isa = PBXBuildFile; fileRef = B8C4D0E2F603195729B3C5D7 /* SearchDropdownMenu.swift */; };
		F1E70BA23CA2F7B5443E7E78 /* AgentPromptFunction.swift in Sources */ = {isa = PBXBuildFile; fileRef = AEB5DC30E713A61921379737 /* AgentPromptFunction.swift */; };
		FCC21AFB27B2702C672AAE76 /* DaemonStatusIndicator.swift in Sources */ = {isa = PBXBuildFile; fileRef = DC5566D60F227E3E1AF522E8 /* DaemonStatusIndicator.swift */; };
		FDDFC0C6D242DC5F0A52575E /* TimeChip.swift in Sources */ = {isa = PBXBuildFile; fileRef = 4F885A1DA8B04DC5933DEC7F /* TimeChip.swift */; };
/* End PBXBuildFile section */

/* Begin PBXFileReference section */
		D8F9A023B4C5678901E2F314 /* AgentsDropdownMenu.swift */ = {isa = PBXFileReference; lastKnownFileType = sourcecode.swift; path = AgentsDropdownMenu.swift; sourceTree = "<group>"; };
		032AE3797CC1BDAD3FFA744A /* ChatMessage.swift */ = {isa = PBXFileReference; lastKnownFileType = sourcecode.swift; path = ChatMessage.swift; sourceTree = "<group>"; };
		08B91B53D6299F5BAEC77042 /* OrbitDBReader.swift */ = {isa = PBXFileReference; lastKnownFileType = sourcecode.swift; path = OrbitDBReader.swift; sourceTree = "<group>"; };
		098A33C54672BC4FB781932A /* SidePaneSearchTrigger.swift */ = {isa = PBXFileReference; lastKnownFileType = sourcecode.swift; path = SidePaneSearchTrigger.swift; sourceTree = "<group>"; };
		1EE0208CD9A5AEA1DE2203AE /* SidePaneDropdownTrigger.swift */ = {isa = PBXFileReference; lastKnownFileType = sourcecode.swift; path = SidePaneDropdownTrigger.swift; sourceTree = "<group>"; };
		B8C4D0E2F603195729B3C5D7 /* SearchDropdownMenu.swift */ = {isa = PBXFileReference; lastKnownFileType = sourcecode.swift; path = SearchDropdownMenu.swift; sourceTree = "<group>"; };
		0CB582D088D1623D23823135 /* CaptureStatsView.swift */ = {isa = PBXFileReference; lastKnownFileType = sourcecode.swift; path = CaptureStatsView.swift; sourceTree = "<group>"; };
		13299A065F41CDA07DB28A2D /* Double+Rounding.swift */ = {isa = PBXFileReference; lastKnownFileType = sourcecode.swift; path = "Double+Rounding.swift"; sourceTree = "<group>"; };
		145850CB63386EAFE0541391 /* OrbitBridgeProtocol.swift */ = {isa = PBXFileReference; lastKnownFileType = sourcecode.swift; path = OrbitBridgeProtocol.swift; sourceTree = "<group>"; };
		19BD24DFCCBE7621D9ACD39E /* OrbitCard.swift */ = {isa = PBXFileReference; lastKnownFileType = sourcecode.swift; path = OrbitCard.swift; sourceTree = "<group>"; };
		1E2399BC9CFEEC1E011907E6 /* WALWatcher.swift */ = {isa = PBXFileReference; lastKnownFileType = sourcecode.swift; path = WALWatcher.swift; sourceTree = "<group>"; };
		2886227839EFDC104E8B0A13 /* ContextEvent.swift */ = {isa = PBXFileReference; lastKnownFileType = sourcecode.swift; path = ContextEvent.swift; sourceTree = "<group>"; };
		30D314ACEDACD16153B0B67B /* ChatBubbleView.swift */ = {isa = PBXFileReference; lastKnownFileType = sourcecode.swift; path = ChatBubbleView.swift; sourceTree = "<group>"; };
		34C7D4A6DBDA6BB2810C8B0C /* Date+Formatting.swift */ = {isa = PBXFileReference; lastKnownFileType = sourcecode.swift; path = "Date+Formatting.swift"; sourceTree = "<group>"; };
		3972F4BAF73A302762CD1C71 /* FloatingChatPlaceholderView.swift */ = {isa = PBXFileReference; lastKnownFileType = sourcecode.swift; path = FloatingChatPlaceholderView.swift; sourceTree = "<group>"; };
		401EA4D96285ECB2E8FCF4CF /* ChatMessageList.swift */ = {isa = PBXFileReference; lastKnownFileType = sourcecode.swift; path = ChatMessageList.swift; sourceTree = "<group>"; };
		402E47665200B0F791C13590 /* AgentType.swift */ = {isa = PBXFileReference; lastKnownFileType = sourcecode.swift; path = AgentType.swift; sourceTree = "<group>"; };
		464D695C55F907E9EBEA15EF /* OrbitAccessApp.app */ = {isa = PBXFileReference; explicitFileType = wrapper.application; includeInIndex = 0; path = OrbitAccessApp.app; sourceTree = BUILT_PRODUCTS_DIR; };
		49FD9F568BD3403F7BB00624 /* ChatStore.swift */ = {isa = PBXFileReference; lastKnownFileType = sourcecode.swift; path = ChatStore.swift; sourceTree = "<group>"; };
		49FF6FDA9DF742429C1BD00A /* ChatInputBar.swift */ = {isa = PBXFileReference; lastKnownFileType = sourcecode.swift; path = ChatInputBar.swift; sourceTree = "<group>"; };
		B4C8D0E2F30517293B5C7D9E /* ChatHeroView.swift */ = {isa = PBXFileReference; lastKnownFileType = sourcecode.swift; path = ChatHeroView.swift; sourceTree = "<group>"; };
		D6E0F214152637485B9C1D3F /* ChatIntegrationsStrip.swift */ = {isa = PBXFileReference; lastKnownFileType = sourcecode.swift; path = ChatIntegrationsStrip.swift; sourceTree = "<group>"; };
		F8A2B4363748596A7B1E3F5C /* ChatSuggestionChips.swift */ = {isa = PBXFileReference; lastKnownFileType = sourcecode.swift; path = ChatSuggestionChips.swift; sourceTree = "<group>"; };
		1AC4D658596A7B8C9D3E5F70 /* FlowLayout.swift */ = {isa = PBXFileReference; lastKnownFileType = sourcecode.swift; path = FlowLayout.swift; sourceTree = "<group>"; };
		4A7D867475FD1B0786535F22 /* SidePaneSectionHeader.swift */ = {isa = PBXFileReference; lastKnownFileType = sourcecode.swift; path = SidePaneSectionHeader.swift; sourceTree = "<group>"; };
		4F885A1DA8B04DC5933DEC7F /* TimeChip.swift */ = {isa = PBXFileReference; lastKnownFileType = sourcecode.swift; path = TimeChip.swift; sourceTree = "<group>"; };
		5DFB6A679AF6CD3F323A2061 /* MainChatView.swift */ = {isa = PBXFileReference; lastKnownFileType = sourcecode.swift; path = MainChatView.swift; sourceTree = "<group>"; };
		5E2D7010E3CCA4DBF4BA7055 /* TaskCardList.swift */ = {isa = PBXFileReference; lastKnownFileType = sourcecode.swift; path = TaskCardList.swift; sourceTree = "<group>"; };
		5FB7DE98DEA61F90EE9B107D /* SearchHit.swift */ = {isa = PBXFileReference; lastKnownFileType = sourcecode.swift; path = SearchHit.swift; sourceTree = "<group>"; };
		613D4346B5CE07D6DFCEC324 /* ProductivityScoreGauge.swift */ = {isa = PBXFileReference; lastKnownFileType = sourcecode.swift; path = ProductivityScoreGauge.swift; sourceTree = "<group>"; };
		6A3F2ECB98A241AD4993AE71 /* LoadingIndicator.swift */ = {isa = PBXFileReference; lastKnownFileType = sourcecode.swift; path = LoadingIndicator.swift; sourceTree = "<group>"; };
		6AF4267DCC4DB50AC3BEEC76 /* TaskCard.swift */ = {isa = PBXFileReference; lastKnownFileType = sourcecode.swift; path = TaskCard.swift; sourceTree = "<group>"; };
		6EEC986ECA2C96BAA44EB4FA /* MainWindowView.swift */ = {isa = PBXFileReference; lastKnownFileType = sourcecode.swift; path = MainWindowView.swift; sourceTree = "<group>"; };
		72CF10D68B910A54197FB92C /* InsightStore.swift */ = {isa = PBXFileReference; lastKnownFileType = sourcecode.swift; path = InsightStore.swift; sourceTree = "<group>"; };
		75532D1DCAEEF6B15E06A796 /* CalendarScheduleView.swift */ = {isa = PBXFileReference; lastKnownFileType = sourcecode.swift; path = CalendarScheduleView.swift; sourceTree = "<group>"; };
		B2D9F5A03C4E6F8B01234567 /* CalendarEvent.swift */ = {isa = PBXFileReference; lastKnownFileType = sourcecode.swift; path = CalendarEvent.swift; sourceTree = "<group>"; };
		D4F1B7C25E6A8B0D23456789 /* CalendarScheduleProvider.swift */ = {isa = PBXFileReference; lastKnownFileType = sourcecode.swift; path = CalendarScheduleProvider.swift; sourceTree = "<group>"; };
		795D208823295FF5D6C450C5 /* AgentType+UI.swift */ = {isa = PBXFileReference; lastKnownFileType = sourcecode.swift; path = "AgentType+UI.swift"; sourceTree = "<group>"; };
		79CDC571226E7FF34600B9D8 /* FindByAppFunction.swift */ = {isa = PBXFileReference; lastKnownFileType = sourcecode.swift; path = FindByAppFunction.swift; sourceTree = "<group>"; };
		7E734B34E2F6CFEBA045A827 /* InsightSidebarView.swift */ = {isa = PBXFileReference; lastKnownFileType = sourcecode.swift; path = InsightSidebarView.swift; sourceTree = "<group>"; };
		8354BD0C7FB5924891BB5FC8 /* TaskLogEntry.swift */ = {isa = PBXFileReference; lastKnownFileType = sourcecode.swift; path = TaskLogEntry.swift; sourceTree = "<group>"; };
		915A816B6EB0A7800D5CB3A1 /* AgentShortcutRow.swift */ = {isa = PBXFileReference; lastKnownFileType = sourcecode.swift; path = AgentShortcutRow.swift; sourceTree = "<group>"; };
		9520B9C3BE89DCA7DBB5499F /* SemanticSearchFunction.swift */ = {isa = PBXFileReference; lastKnownFileType = sourcecode.swift; path = SemanticSearchFunction.swift; sourceTree = "<group>"; };
		9C8A67BC13F2BDAE382F14E4 /* TaskStore.swift */ = {isa = PBXFileReference; lastKnownFileType = sourcecode.swift; path = TaskStore.swift; sourceTree = "<group>"; };
		A7AC1B072E6201269640D08D /* AIFunctionRegistry.swift */ = {isa = PBXFileReference; lastKnownFileType = sourcecode.swift; path = AIFunctionRegistry.swift; sourceTree = "<group>"; };
		A96795CFAC996804AC2687A7 /* ProductivityScore.swift */ = {isa = PBXFileReference; lastKnownFileType = sourcecode.swift; path = ProductivityScore.swift; sourceTree = "<group>"; };
		AEB5DC30E713A61921379737 /* AgentPromptFunction.swift */ = {isa = PBXFileReference; lastKnownFileType = sourcecode.swift; path = AgentPromptFunction.swift; sourceTree = "<group>"; };
		B755775983DAE2555239D582 /* RoutineList.swift */ = {isa = PBXFileReference; lastKnownFileType = sourcecode.swift; path = RoutineList.swift; sourceTree = "<group>"; };
		B7C26D4BEDAEC625174D12AA /* RecentCaptureList.swift */ = {isa = PBXFileReference; lastKnownFileType = sourcecode.swift; path = RecentCaptureList.swift; sourceTree = "<group>"; };
		BF6F9EB75967C33AEA74527A /* Color+Orbit.swift */ = {isa = PBXFileReference; lastKnownFileType = sourcecode.swift; path = "Color+Orbit.swift"; sourceTree = "<group>"; };
		C6FF3B246A8AC2EB41EAEF84 /* OrbitBridgeClient.swift */ = {isa = PBXFileReference; lastKnownFileType = sourcecode.swift; path = OrbitBridgeClient.swift; sourceTree = "<group>"; };
		CC9666AD424EA33A0FBEC31E /* AIFunctionProtocol.swift */ = {isa = PBXFileReference; lastKnownFileType = sourcecode.swift; path = AIFunctionProtocol.swift; sourceTree = "<group>"; };
		CFA44E7200DD3A74F9053B81 /* SearchStore.swift */ = {isa = PBXFileReference; lastKnownFileType = sourcecode.swift; path = SearchStore.swift; sourceTree = "<group>"; };
		D553FAF0228982500D63FA15 /* ContextAtomDetailSheet.swift */ = {isa = PBXFileReference; lastKnownFileType = sourcecode.swift; path = ContextAtomDetailSheet.swift; sourceTree = "<group>"; };
		D94D8BAD67695DE1783F9602 /* AppDelegate.swift */ = {isa = PBXFileReference; lastKnownFileType = sourcecode.swift; path = AppDelegate.swift; sourceTree = "<group>"; };
		DB89A61F5402F0154D149D7B /* SidebaneView.swift */ = {isa = PBXFileReference; lastKnownFileType = sourcecode.swift; path = SidebaneView.swift; sourceTree = "<group>"; };
		DC29DE57B3F129F8A1A00197 /* Assets.xcassets */ = {isa = PBXFileReference; lastKnownFileType = folder.assetcatalog; path = Assets.xcassets; sourceTree = "<group>"; };
		DC5566D60F227E3E1AF522E8 /* DaemonStatusIndicator.swift */ = {isa = PBXFileReference; lastKnownFileType = sourcecode.swift; path = DaemonStatusIndicator.swift; sourceTree = "<group>"; };
		DC88DFFD58EC639E25DD4A4D /* SectionHeader.swift */ = {isa = PBXFileReference; lastKnownFileType = sourcecode.swift; path = SectionHeader.swift; sourceTree = "<group>"; };
		E013C7F1060B5A829DB76628 /* FloatingChatView.swift */ = {isa = PBXFileReference; lastKnownFileType = sourcecode.swift; path = FloatingChatView.swift; sourceTree = "<group>"; };
		E159D244CB053332993DCF12 /* ThreePaneLayout.swift */ = {isa = PBXFileReference; lastKnownFileType = sourcecode.swift; path = ThreePaneLayout.swift; sourceTree = "<group>"; };
		E2D2E9BE4D4C533924288E25 /* ContextSourceChip.swift */ = {isa = PBXFileReference; lastKnownFileType = sourcecode.swift; path = ContextSourceChip.swift; sourceTree = "<group>"; };
		E3E44C7AC6A83F9C5AA1E2C1 /* StatusBarController.swift */ = {isa = PBXFileReference; lastKnownFileType = sourcecode.swift; path = StatusBarController.swift; sourceTree = "<group>"; };
		E701567EF8C745CF8E672FEA /* AgentTypeBadge.swift */ = {isa = PBXFileReference; lastKnownFileType = sourcecode.swift; path = AgentTypeBadge.swift; sourceTree = "<group>"; };
		EC0FDBE7156736393196635A /* StatusBarPopoverView.swift */ = {isa = PBXFileReference; lastKnownFileType = sourcecode.swift; path = StatusBarPopoverView.swift; sourceTree = "<group>"; };
		ECB781D7F5211047FB2C631D /* AppViewModel.swift */ = {isa = PBXFileReference; lastKnownFileType = sourcecode.swift; path = AppViewModel.swift; sourceTree = "<group>"; };
		F816745D1FE5320434779773 /* TextAtom.swift */ = {isa = PBXFileReference; lastKnownFileType = sourcecode.swift; path = TextAtom.swift; sourceTree = "<group>"; };
		F9241AF02259F0FCF7D6FFF8 /* OrbitAccessApp.swift */ = {isa = PBXFileReference; lastKnownFileType = sourcecode.swift; path = OrbitAccessApp.swift; sourceTree = "<group>"; };
/* End PBXFileReference section */

/* Begin PBXFrameworksBuildPhase section */
		8C7BD570A858A943CD63D0E6 /* Frameworks */ = {
			isa = PBXFrameworksBuildPhase;
			buildActionMask = 2147483647;
			files = (
				7EF44440042488E18B78ED68 /* GRDB in Frameworks */,
			);
			runOnlyForDeploymentPostprocessing = 0;
		};
/* End PBXFrameworksBuildPhase section */

/* Begin PBXGroup section */
		200A83A3EEB1F87844B94DA5 /* Extensions */ = {
			isa = PBXGroup;
			children = (
				BF6F9EB75967C33AEA74527A /* Color+Orbit.swift */,
				34C7D4A6DBDA6BB2810C8B0C /* Date+Formatting.swift */,
				13299A065F41CDA07DB28A2D /* Double+Rounding.swift */,
			);
			path = Extensions;
			sourceTree = "<group>";
		};
		2959B2CAE8085DFA29348727 /* AIFunctions */ = {
			isa = PBXGroup;
			children = (
				AEB5DC30E713A61921379737 /* AgentPromptFunction.swift */,
				CC9666AD424EA33A0FBEC31E /* AIFunctionProtocol.swift */,
				A7AC1B072E6201269640D08D /* AIFunctionRegistry.swift */,
				79CDC571226E7FF34600B9D8 /* FindByAppFunction.swift */,
				9520B9C3BE89DCA7DBB5499F /* SemanticSearchFunction.swift */,
			);
			path = AIFunctions;
			sourceTree = "<group>";
		};
		35031ED88854F8D7B7919474 /* InsightSidebar */ = {
			isa = PBXGroup;
			children = (
				75532D1DCAEEF6B15E06A796 /* CalendarScheduleView.swift */,
				7E734B34E2F6CFEBA045A827 /* InsightSidebarView.swift */,
				613D4346B5CE07D6DFCEC324 /* ProductivityScoreGauge.swift */,
				B7C26D4BEDAEC625174D12AA /* RecentCaptureList.swift */,
				B755775983DAE2555239D582 /* RoutineList.swift */,
				6AF4267DCC4DB50AC3BEEC76 /* TaskCard.swift */,
				5E2D7010E3CCA4DBF4BA7055 /* TaskCardList.swift */,
			);
			path = InsightSidebar;
			sourceTree = "<group>";
		};
		363AACA2A5C4EA865F29B633 /* Products */ = {
			isa = PBXGroup;
			children = (
				464D695C55F907E9EBEA15EF /* OrbitAccessApp.app */,
			);
			name = Products;
			sourceTree = "<group>";
		};
		3BBD3A454FEE7754D4E90762 /* Chat */ = {
			isa = PBXGroup;
			children = (
				30D314ACEDACD16153B0B67B /* ChatBubbleView.swift */,
				B4C8D0E2F30517293B5C7D9E /* ChatHeroView.swift */,
				49FF6FDA9DF742429C1BD00A /* ChatInputBar.swift */,
				D6E0F214152637485B9C1D3F /* ChatIntegrationsStrip.swift */,
				401EA4D96285ECB2E8FCF4CF /* ChatMessageList.swift */,
				F8A2B4363748596A7B1E3F5C /* ChatSuggestionChips.swift */,
				D553FAF0228982500D63FA15 /* ContextAtomDetailSheet.swift */,
				E2D2E9BE4D4C533924288E25 /* ContextSourceChip.swift */,
				3972F4BAF73A302762CD1C71 /* FloatingChatPlaceholderView.swift */,
				E013C7F1060B5A829DB76628 /* FloatingChatView.swift */,
				5DFB6A679AF6CD3F323A2061 /* MainChatView.swift */,
			);
			path = Chat;
			sourceTree = "<group>";
		};
		54023265C74852EE27629FF4 /* Models */ = {
			isa = PBXGroup;
			children = (
				B2D9F5A03C4E6F8B01234567 /* CalendarEvent.swift */,
				402E47665200B0F791C13590 /* AgentType.swift */,
				795D208823295FF5D6C450C5 /* AgentType+UI.swift */,
				032AE3797CC1BDAD3FFA744A /* ChatMessage.swift */,
				2886227839EFDC104E8B0A13 /* ContextEvent.swift */,
				A96795CFAC996804AC2687A7 /* ProductivityScore.swift */,
				5FB7DE98DEA61F90EE9B107D /* SearchHit.swift */,
				8354BD0C7FB5924891BB5FC8 /* TaskLogEntry.swift */,
				F816745D1FE5320434779773 /* TextAtom.swift */,
			);
			path = Models;
			sourceTree = "<group>";
		};
		65A9799CFFF6161BBA530700 /* IPC */ = {
			isa = PBXGroup;
			children = (
				C6FF3B246A8AC2EB41EAEF84 /* OrbitBridgeClient.swift */,
				145850CB63386EAFE0541391 /* OrbitBridgeProtocol.swift */,
				08B91B53D6299F5BAEC77042 /* OrbitDBReader.swift */,
				1E2399BC9CFEEC1E011907E6 /* WALWatcher.swift */,
			);
			path = IPC;
			sourceTree = "<group>";
		};
		72F7574BB93EAEEA8051006E /* Stores */ = {
			isa = PBXGroup;
			children = (
				49FD9F568BD3403F7BB00624 /* ChatStore.swift */,
				72CF10D68B910A54197FB92C /* InsightStore.swift */,
				CFA44E7200DD3A74F9053B81 /* SearchStore.swift */,
				9C8A67BC13F2BDAE382F14E4 /* TaskStore.swift */,
			);
			path = Stores;
			sourceTree = "<group>";
		};
		7862232A5B1F6D6EC3326638 /* Views */ = {
			isa = PBXGroup;
			children = (
				3BBD3A454FEE7754D4E90762 /* Chat */,
				F80F11623E28BE22127B0A07 /* Components */,
				35031ED88854F8D7B7919474 /* InsightSidebar */,
				79DB86DCC8E3CBD297DC84E1 /* Root */,
				9D88E57D43CD2A081EA3CD2B /* SidePane */,
				B9BF26C10A9C6E3FFE393680 /* StatusBar */,
			);
			path = Views;
			sourceTree = "<group>";
		};
		79DB86DCC8E3CBD297DC84E1 /* Root */ = {
			isa = PBXGroup;
			children = (
				6EEC986ECA2C96BAA44EB4FA /* MainWindowView.swift */,
				E159D244CB053332993DCF12 /* ThreePaneLayout.swift */,
			);
			path = Root;
			sourceTree = "<group>";
		};
		E5A2C8F13B4D6A8E34567890 /* Services */ = {
			isa = PBXGroup;
			children = (
				D4F1B7C25E6A8B0D23456789 /* CalendarScheduleProvider.swift */,
			);
			path = Services;
			sourceTree = "<group>";
		};
		9630ED444945FB752B71826B = {
			isa = PBXGroup;
			children = (
				2959B2CAE8085DFA29348727 /* AIFunctions */,
				EDDBA647414B27B7EB9A44AA /* App */,
				200A83A3EEB1F87844B94DA5 /* Extensions */,
				65A9799CFFF6161BBA530700 /* IPC */,
				54023265C74852EE27629FF4 /* Models */,
				E5A2C8F13B4D6A8E34567890 /* Services */,
				E3B9FC95186D5ED9A3309573 /* Resources */,
				72F7574BB93EAEEA8051006E /* Stores */,
				7862232A5B1F6D6EC3326638 /* Views */,
				363AACA2A5C4EA865F29B633 /* Products */,
			);
			sourceTree = "<group>";
		};
		9D88E57D43CD2A081EA3CD2B /* SidePane */ = {
			isa = PBXGroup;
			children = (
				D8F9A023B4C5678901E2F314 /* AgentsDropdownMenu.swift */,
				915A816B6EB0A7800D5CB3A1 /* AgentShortcutRow.swift */,
				0CB582D088D1623D23823135 /* CaptureStatsView.swift */,
				DC5566D60F227E3E1AF522E8 /* DaemonStatusIndicator.swift */,
				DB89A61F5402F0154D149D7B /* SidebaneView.swift */,
				098A33C54672BC4FB781932A /* SidePaneSearchTrigger.swift */,
				1EE0208CD9A5AEA1DE2203AE /* SidePaneDropdownTrigger.swift */,
				B8C4D0E2F603195729B3C5D7 /* SearchDropdownMenu.swift */,
				4A7D867475FD1B0786535F22 /* SidePaneSectionHeader.swift */,
			);
			path = SidePane;
			sourceTree = "<group>";
		};
		B9BF26C10A9C6E3FFE393680 /* StatusBar */ = {
			isa = PBXGroup;
			children = (
				E3E44C7AC6A83F9C5AA1E2C1 /* StatusBarController.swift */,
				EC0FDBE7156736393196635A /* StatusBarPopoverView.swift */,
			);
			path = StatusBar;
			sourceTree = "<group>";
		};
		E3B9FC95186D5ED9A3309573 /* Resources */ = {
			isa = PBXGroup;
			children = (
				DC29DE57B3F129F8A1A00197 /* Assets.xcassets */,
			);
			path = Resources;
			sourceTree = "<group>";
		};
		EDDBA647414B27B7EB9A44AA /* App */ = {
			isa = PBXGroup;
			children = (
				D94D8BAD67695DE1783F9602 /* AppDelegate.swift */,
				ECB781D7F5211047FB2C631D /* AppViewModel.swift */,
				F9241AF02259F0FCF7D6FFF8 /* OrbitAccessApp.swift */,
			);
			path = App;
			sourceTree = "<group>";
		};
		F80F11623E28BE22127B0A07 /* Components */ = {
			isa = PBXGroup;
			children = (
				E701567EF8C745CF8E672FEA /* AgentTypeBadge.swift */,
				1AC4D658596A7B8C9D3E5F70 /* FlowLayout.swift */,
				6A3F2ECB98A241AD4993AE71 /* LoadingIndicator.swift */,
				19BD24DFCCBE7621D9ACD39E /* OrbitCard.swift */,
				DC88DFFD58EC639E25DD4A4D /* SectionHeader.swift */,
				4F885A1DA8B04DC5933DEC7F /* TimeChip.swift */,
			);
			path = Components;
			sourceTree = "<group>";
		};
/* End PBXGroup section */

/* Begin PBXNativeTarget section */
		2EC92C1CFAA59F758405DFA7 /* OrbitAccessApp */ = {
			isa = PBXNativeTarget;
			buildConfigurationList = E439FD300A58976D5E9FC70E /* Build configuration list for PBXNativeTarget "OrbitAccessApp" */;
			buildPhases = (
				A10DAC7909AD783AAB78AB70 /* Sources */,
				97D14E0FD1B7619E29B126F9 /* Resources */,
				8C7BD570A858A943CD63D0E6 /* Frameworks */,
			);
			buildRules = (
			);
			dependencies = (
			);
			name = OrbitAccessApp;
			packageProductDependencies = (
				DF6A317E920E6520CABCC745 /* GRDB */,
			);
			productName = OrbitAccessApp;
			productReference = 464D695C55F907E9EBEA15EF /* OrbitAccessApp.app */;
			productType = "com.apple.product-type.application";
		};
/* End PBXNativeTarget section */

/* Begin PBXProject section */
		9AA0EFB377F2750237866D9B /* Project object */ = {
			isa = PBXProject;
			attributes = {
				BuildIndependentTargetsInParallel = YES;
				LastUpgradeCheck = 1500;
				TargetAttributes = {
				};
			};
			buildConfigurationList = 96DB3726A7E5CA3AD8D211BB /* Build configuration list for PBXProject "OrbitAccessApp" */;
			developmentRegion = en;
			hasScannedForEncodings = 0;
			knownRegions = (
				Base,
				en,
			);
			mainGroup = 9630ED444945FB752B71826B;
			minimizedProjectReferenceProxies = 1;
			packageReferences = (
				ABEF6DB5638FDE62502E10E7 /* XCRemoteSwiftPackageReference "GRDB.swift" */,
			);
			preferredProjectObjectVersion = 77;
			productRefGroup = 363AACA2A5C4EA865F29B633 /* Products */;
			projectDirPath = "";
			projectRoot = "";
			targets = (
				2EC92C1CFAA59F758405DFA7 /* OrbitAccessApp */,
			);
		};
/* End PBXProject section */

/* Begin PBXResourcesBuildPhase section */
		97D14E0FD1B7619E29B126F9 /* Resources */ = {
			isa = PBXResourcesBuildPhase;
			buildActionMask = 2147483647;
			files = (
				2E2CF0250B39B2D8D17CB010 /* Assets.xcassets in Resources */,
			);
			runOnlyForDeploymentPostprocessing = 0;
		};
/* End PBXResourcesBuildPhase section */

/* Begin PBXSourcesBuildPhase section */
		A10DAC7909AD783AAB78AB70 /* Sources */ = {
			isa = PBXSourcesBuildPhase;
			buildActionMask = 2147483647;
			files = (
				31E17588732283DD9D13A1B4 /* AIFunctionProtocol.swift in Sources */,
				47548C287792F5B37B3AC576 /* AIFunctionRegistry.swift in Sources */,
				F1E70BA23CA2F7B5443E7E78 /* AgentPromptFunction.swift in Sources */,
				C7E8F912A3B4567890D1E2F03 /* AgentsDropdownMenu.swift in Sources */,
				DF8D61373795E3529BCCAA92 /* AgentShortcutRow.swift in Sources */,
				74647582B0F989BB5D365685 /* AgentType+UI.swift in Sources */,
				B659662D7B345EEB41A50234 /* AgentType.swift in Sources */,
				AE08728B4C6420D0361A2D7C /* AgentTypeBadge.swift in Sources */,
				94075AA845936239B7C1615E /* AppDelegate.swift in Sources */,
				C628FDA29B5B1E4FB7F81A88 /* AppViewModel.swift in Sources */,
				116E9807DE921341DE29CF9E /* CaptureStatsView.swift in Sources */,
				72E12224B5C858FF8B12BA7B /* ChatBubbleView.swift in Sources */,
				A3B7C9E1F20486182A4B6C8D /* ChatHeroView.swift in Sources */,
				0A99DA81141740971E627C55 /* ChatInputBar.swift in Sources */,
				C5D9E1F3041527364A8B0C2E /* ChatIntegrationsStrip.swift in Sources */,
				6DC189501FC8C13D71F766BF /* ChatMessage.swift in Sources */,
				E7F1A325263748596A0D2E4B /* ChatSuggestionChips.swift in Sources */,
				8CF6E35CA2025899BEC418AE /* ChatMessageList.swift in Sources */,
				861DAAB01A94393126AC9C33 /* ChatStore.swift in Sources */,
				CEE53E4794AEA52F46439B4F /* Color+Orbit.swift in Sources */,
				7BEF582CB165D8D1AF340054 /* ContextAtomDetailSheet.swift in Sources */,
				72267634EE2CEEF5A8F158D8 /* ContextEvent.swift in Sources */,
				58A0FBDF10D7B40A1988DB30 /* ContextSourceChip.swift in Sources */,
				FCC21AFB27B2702C672AAE76 /* DaemonStatusIndicator.swift in Sources */,
				10EC5A23D61FF205F024F4E5 /* CalendarScheduleView.swift in Sources */,
				A1C8E4F92B3D5E7A90123456 /* CalendarEvent.swift in Sources */,
				C3E0A6B14D5F7A9C12345678 /* CalendarScheduleProvider.swift in Sources */,
				D5666A22BB019A8CE0157B40 /* Date+Formatting.swift in Sources */,
				C038811F8590AF86F466F280 /* Double+Rounding.swift in Sources */,
				607B689219A17D9AAD4469D5 /* FindByAppFunction.swift in Sources */,
				09B3C54748596A7B8C2D4E6F /* FlowLayout.swift in Sources */,
				D8B698B508241172EED234D9 /* FloatingChatPlaceholderView.swift in Sources */,
				D019CEAE876D90FFB22AA76E /* FloatingChatView.swift in Sources */,
				E1845A6DB40964354DF3343E /* InsightSidebarView.swift in Sources */,
				285E732B51257BF979E64EB0 /* InsightStore.swift in Sources */,
				E5191190942366EFD6C3A191 /* LoadingIndicator.swift in Sources */,
				CD5666CFC3371BFCFDA6E68B /* MainChatView.swift in Sources */,
				5D97AF3258DD1796257232E1 /* MainWindowView.swift in Sources */,
				194A913E0F2C74C3608AEF43 /* OrbitAccessApp.swift in Sources */,
				43D19435B96849EC39265BC8 /* OrbitBridgeClient.swift in Sources */,
				5A6F642FE03FB40506066F45 /* OrbitBridgeProtocol.swift in Sources */,
				5CC26487D6784CB4EF9EE554 /* OrbitCard.swift in Sources */,
				4C446BDF5331FA91DBEF25A8 /* OrbitDBReader.swift in Sources */,
				7E76B0531299C47A4FF8489E /* ProductivityScore.swift in Sources */,
				88CEF3A1FE23D286E270D586 /* ProductivityScoreGauge.swift in Sources */,
				3E1125E88AB837160A092713 /* RecentCaptureList.swift in Sources */,
				D6D292502F8BC0C36F903ED7 /* RoutineList.swift in Sources */,
				BA36D7085516808B1B33D08E /* SearchHit.swift in Sources */,
				4A8D9955606A8A718FFDDF37 /* SearchStore.swift in Sources */,
				327C7A20EECCD098097BC604 /* SectionHeader.swift in Sources */,
				EA56DAC273746FD314538681 /* SemanticSearchFunction.swift in Sources */,
				EE26E4F6C7DB21DBCDE1661B /* SidePaneSearchTrigger.swift in Sources */,
				F4D22FF79B207F7A51166777 /* SidePaneDropdownTrigger.swift in Sources */,
				A7B3C9D1E5F2048618A2B4C6 /* SearchDropdownMenu.swift in Sources */,
				A55728DB005FA5B69751892D /* SidePaneSectionHeader.swift in Sources */,
				045F0C59499B05440F6BC3C7 /* SidebaneView.swift in Sources */,
				449CBDDF234DA76BA70E05E0 /* StatusBarController.swift in Sources */,
				C24E69033BEB28172CFF5F60 /* StatusBarPopoverView.swift in Sources */,
				4D848FF1005A1C87A9CAF7B3 /* TaskCard.swift in Sources */,
				E06E1A765A699743FBDAD445 /* TaskCardList.swift in Sources */,
				32B1CAA1AFB065ED53A10F7A /* TaskLogEntry.swift in Sources */,
				4B581F7CC71A44F9F38D1C07 /* TaskStore.swift in Sources */,
				8479559F5DC9962EFF7D5E3A /* TextAtom.swift in Sources */,
				6AFB0C2541A25762D0B007E3 /* ThreePaneLayout.swift in Sources */,
				FDDFC0C6D242DC5F0A52575E /* TimeChip.swift in Sources */,
				58A23696B533F7AA0E29B24C /* WALWatcher.swift in Sources */,
			);
			runOnlyForDeploymentPostprocessing = 0;
		};
/* End PBXSourcesBuildPhase section */

/* Begin XCBuildConfiguration section */
		626765AF865600272F52955D /* Release */ = {
			isa = XCBuildConfiguration;
			buildSettings = {
				ALWAYS_SEARCH_USER_PATHS = NO;
				CLANG_ANALYZER_NONNULL = YES;
				CLANG_ANALYZER_NUMBER_OBJECT_CONVERSION = YES_AGGRESSIVE;
				CLANG_CXX_LANGUAGE_STANDARD = "gnu++14";
				CLANG_CXX_LIBRARY = "libc++";
				CLANG_ENABLE_MODULES = YES;
				CLANG_ENABLE_OBJC_ARC = YES;
				CLANG_ENABLE_OBJC_WEAK = YES;
				CLANG_WARN_BLOCK_CAPTURE_AUTORELEASING = YES;
				CLANG_WARN_BOOL_CONVERSION = YES;
				CLANG_WARN_COMMA = YES;
				CLANG_WARN_CONSTANT_CONVERSION = YES;
				CLANG_WARN_DEPRECATED_OBJC_IMPLEMENTATIONS = YES;
				CLANG_WARN_DIRECT_OBJC_ISA_USAGE = YES_ERROR;
				CLANG_WARN_DOCUMENTATION_COMMENTS = YES;
				CLANG_WARN_EMPTY_BODY = YES;
				CLANG_WARN_ENUM_CONVERSION = YES;
				CLANG_WARN_INFINITE_RECURSION = YES;
				CLANG_WARN_INT_CONVERSION = YES;
				CLANG_WARN_NON_LITERAL_NULL_CONVERSION = YES;
				CLANG_WARN_OBJC_IMPLICIT_RETAIN_SELF = YES;
				CLANG_WARN_OBJC_LITERAL_CONVERSION = YES;
				CLANG_WARN_OBJC_ROOT_CLASS = YES_ERROR;
				CLANG_WARN_QUOTED_INCLUDE_IN_FRAMEWORK_HEADER = YES;
				CLANG_WARN_RANGE_LOOP_ANALYSIS = YES;
				CLANG_WARN_STRICT_PROTOTYPES = YES;
				CLANG_WARN_SUSPICIOUS_MOVE = YES;
				CLANG_WARN_UNGUARDED_AVAILABILITY = YES_AGGRESSIVE;
				CLANG_WARN_UNREACHABLE_CODE = YES;
				CLANG_WARN__DUPLICATE_METHOD_MATCH = YES;
				COPY_PHASE_STRIP = NO;
				DEBUG_INFORMATION_FORMAT = "dwarf-with-dsym";
				ENABLE_NS_ASSERTIONS = NO;
				ENABLE_STRICT_OBJC_MSGSEND = YES;
				GCC_C_LANGUAGE_STANDARD = gnu11;
				GCC_NO_COMMON_BLOCKS = YES;
				GCC_WARN_64_TO_32_BIT_CONVERSION = YES;
				GCC_WARN_ABOUT_RETURN_TYPE = YES_ERROR;
				GCC_WARN_UNDECLARED_SELECTOR = YES;
				GCC_WARN_UNINITIALIZED_AUTOS = YES_AGGRESSIVE;
				GCC_WARN_UNUSED_FUNCTION = YES;
				GCC_WARN_UNUSED_VARIABLE = YES;
				MACOSX_DEPLOYMENT_TARGET = 14.0;
				MTL_ENABLE_DEBUG_INFO = NO;
				MTL_FAST_MATH = YES;
				PRODUCT_NAME = "$(TARGET_NAME)";
				SDKROOT = macosx;
				SWIFT_COMPILATION_MODE = wholemodule;
				SWIFT_OPTIMIZATION_LEVEL = "-O";
				SWIFT_VERSION = 5.0;
			};
			name = Release;
		};
		8287B24111E63211D62BEF0F /* Debug */ = {
			isa = XCBuildConfiguration;
			buildSettings = {
				ASSETCATALOG_COMPILER_APPICON_NAME = AppIcon;
				CODE_SIGNING_ALLOWED = NO;
				CODE_SIGN_ENTITLEMENTS = OrbitAccessApp.entitlements;
				CODE_SIGN_IDENTITY = "-";
				COMBINE_HIDPI_IMAGES = YES;
				ENABLE_APP_SANDBOX = YES;
				GENERATE_INFOPLIST_FILE = NO;
				INFOPLIST_FILE = Resources/Info.plist;
				LD_RUNPATH_SEARCH_PATHS = (
					"$(inherited)",
					"@executable_path/../Frameworks",
				);
				MACOSX_DEPLOYMENT_TARGET = 14.0;
				PRODUCT_BUNDLE_IDENTIFIER = com.orbit.access;
				PRODUCT_NAME = OrbitAccessApp;
				SDKROOT = macosx;
				SWIFT_VERSION = 5.9;
			};
			name = Debug;
		};
		9E07FC7E810FA9EDA09F2A6E /* Debug */ = {
			isa = XCBuildConfiguration;
			buildSettings = {
				ALWAYS_SEARCH_USER_PATHS = NO;
				CLANG_ANALYZER_NONNULL = YES;
				CLANG_ANALYZER_NUMBER_OBJECT_CONVERSION = YES_AGGRESSIVE;
				CLANG_CXX_LANGUAGE_STANDARD = "gnu++14";
				CLANG_CXX_LIBRARY = "libc++";
				CLANG_ENABLE_MODULES = YES;
				CLANG_ENABLE_OBJC_ARC = YES;
				CLANG_ENABLE_OBJC_WEAK = YES;
				CLANG_WARN_BLOCK_CAPTURE_AUTORELEASING = YES;
				CLANG_WARN_BOOL_CONVERSION = YES;
				CLANG_WARN_COMMA = YES;
				CLANG_WARN_CONSTANT_CONVERSION = YES;
				CLANG_WARN_DEPRECATED_OBJC_IMPLEMENTATIONS = YES;
				CLANG_WARN_DIRECT_OBJC_ISA_USAGE = YES_ERROR;
				CLANG_WARN_DOCUMENTATION_COMMENTS = YES;
				CLANG_WARN_EMPTY_BODY = YES;
				CLANG_WARN_ENUM_CONVERSION = YES;
				CLANG_WARN_INFINITE_RECURSION = YES;
				CLANG_WARN_INT_CONVERSION = YES;
				CLANG_WARN_NON_LITERAL_NULL_CONVERSION = YES;
				CLANG_WARN_OBJC_IMPLICIT_RETAIN_SELF = YES;
				CLANG_WARN_OBJC_LITERAL_CONVERSION = YES;
				CLANG_WARN_OBJC_ROOT_CLASS = YES_ERROR;
				CLANG_WARN_QUOTED_INCLUDE_IN_FRAMEWORK_HEADER = YES;
				CLANG_WARN_RANGE_LOOP_ANALYSIS = YES;
				CLANG_WARN_STRICT_PROTOTYPES = YES;
				CLANG_WARN_SUSPICIOUS_MOVE = YES;
				CLANG_WARN_UNGUARDED_AVAILABILITY = YES_AGGRESSIVE;
				CLANG_WARN_UNREACHABLE_CODE = YES;
				CLANG_WARN__DUPLICATE_METHOD_MATCH = YES;
				COPY_PHASE_STRIP = NO;
				DEBUG_INFORMATION_FORMAT = dwarf;
				ENABLE_STRICT_OBJC_MSGSEND = YES;
				ENABLE_TESTABILITY = YES;
				GCC_C_LANGUAGE_STANDARD = gnu11;
				GCC_DYNAMIC_NO_PIC = NO;
				GCC_NO_COMMON_BLOCKS = YES;
				GCC_OPTIMIZATION_LEVEL = 0;
				GCC_PREPROCESSOR_DEFINITIONS = (
					"$(inherited)",
					"DEBUG=1",
				);
				GCC_WARN_64_TO_32_BIT_CONVERSION = YES;
				GCC_WARN_ABOUT_RETURN_TYPE = YES_ERROR;
				GCC_WARN_UNDECLARED_SELECTOR = YES;
				GCC_WARN_UNINITIALIZED_AUTOS = YES_AGGRESSIVE;
				GCC_WARN_UNUSED_FUNCTION = YES;
				GCC_WARN_UNUSED_VARIABLE = YES;
				MACOSX_DEPLOYMENT_TARGET = 14.0;
				MTL_ENABLE_DEBUG_INFO = INCLUDE_SOURCE;
				MTL_FAST_MATH = YES;
				ONLY_ACTIVE_ARCH = YES;
				PRODUCT_NAME = "$(TARGET_NAME)";
				SDKROOT = macosx;
				SWIFT_ACTIVE_COMPILATION_CONDITIONS = DEBUG;
				SWIFT_OPTIMIZATION_LEVEL = "-Onone";
				SWIFT_VERSION = 5.0;
			};
			name = Debug;
		};
		D92CF1DD1A780EBD1EB911E1 /* Release */ = {
			isa = XCBuildConfiguration;
			buildSettings = {
				ASSETCATALOG_COMPILER_APPICON_NAME = AppIcon;
				CODE_SIGNING_ALLOWED = NO;
				CODE_SIGN_ENTITLEMENTS = OrbitAccessApp.entitlements;
				CODE_SIGN_IDENTITY = "-";
				COMBINE_HIDPI_IMAGES = YES;
				ENABLE_APP_SANDBOX = YES;
				GENERATE_INFOPLIST_FILE = NO;
				INFOPLIST_FILE = Resources/Info.plist;
				LD_RUNPATH_SEARCH_PATHS = (
					"$(inherited)",
					"@executable_path/../Frameworks",
				);
				MACOSX_DEPLOYMENT_TARGET = 14.0;
				PRODUCT_BUNDLE_IDENTIFIER = com.orbit.access;
				PRODUCT_NAME = OrbitAccessApp;
				SDKROOT = macosx;
				SWIFT_VERSION = 5.9;
			};
			name = Release;
		};
/* End XCBuildConfiguration section */

/* Begin XCConfigurationList section */
		96DB3726A7E5CA3AD8D211BB /* Build configuration list for PBXProject "OrbitAccessApp" */ = {
			isa = XCConfigurationList;
			buildConfigurations = (
				9E07FC7E810FA9EDA09F2A6E /* Debug */,
				626765AF865600272F52955D /* Release */,
			);
			defaultConfigurationIsVisible = 0;
			defaultConfigurationName = Debug;
		};
		E439FD300A58976D5E9FC70E /* Build configuration list for PBXNativeTarget "OrbitAccessApp" */ = {
			isa = XCConfigurationList;
			buildConfigurations = (
				8287B24111E63211D62BEF0F /* Debug */,
				D92CF1DD1A780EBD1EB911E1 /* Release */,
			);
			defaultConfigurationIsVisible = 0;
			defaultConfigurationName = Debug;
		};
/* End XCConfigurationList section */

/* Begin XCRemoteSwiftPackageReference section */
		ABEF6DB5638FDE62502E10E7 /* XCRemoteSwiftPackageReference "GRDB.swift" */ = {
			isa = XCRemoteSwiftPackageReference;
			repositoryURL = "https://github.com/groue/GRDB.swift.git";
			requirement = {
				kind = upToNextMajorVersion;
				minimumVersion = 6.0.0;
			};
		};
/* End XCRemoteSwiftPackageReference section */

/* Begin XCSwiftPackageProductDependency section */
		DF6A317E920E6520CABCC745 /* GRDB */ = {
			isa = XCSwiftPackageProductDependency;
			package = ABEF6DB5638FDE62502E10E7 /* XCRemoteSwiftPackageReference "GRDB.swift" */;
			productName = GRDB;
		};
/* End XCSwiftPackageProductDependency section */
	};
	rootObject = 9AA0EFB377F2750237866D9B /* Project object */;
}
